
Microsoft Visual Studio Solution File, Format Version 12.00
# Visual Studio Version 16
VisualStudioVersion = 16.0.30002.166
MinimumVisualStudioVersion = 10.0.40219.1
Project("{FAE04EC0-301F-11D3-BF4B-00C04F79EFBC}") = "Chinook-API", "Chinook-API\Chinook-API.csproj", "{BAF2323A-2486-4564-AD4A-008FCE244261}"
EndProject
Global
	GlobalSection(SolutionConfigurationPlatforms) = preSolution
		Debug|Any CPU = Debug|Any CPU
		Release|Any CPU = Release|Any CPU
	EndGlobalSection
	GlobalSection(ProjectConfigurationPlatforms) = postSolution
		{BAF2323A-2486-4564-AD4A-008FCE244261}.Debug|Any CPU.ActiveCfg = Debug|Any CPU
		{BAF2323A-2486-4564-AD4A-008FCE244261}.Debug|Any CPU.Build.0 = Debug|Any CPU
		{BAF2323A-2486-4564-AD4A-008FCE244261}.Release|Any CPU.ActiveCfg = Release|Any CPU
		{BAF2323A-2486-4564-AD4A-008FCE244261}.Release|Any CPU.Build.0 = Release|Any CPU
	EndGlobalSection
	GlobalSection(SolutionProperties) = preSolution
		HideSolutionNode = FALSE
	EndGlobalSection
	GlobalSection(ExtensibilityGlobals) = postSolution
		SolutionGuid = {6DDA3005-B276-400D-8246-EABB461F01BB}
	EndGlobalSection
EndGlobal
